{
  "name": "dengnan.github.io",
  "version": "1.0.0",
  "lockfileVersion": 1,
  "requires": true,
  "dependencies": {
    "number-precision": {
      "version": "1.5.0",
      "resolved": "https://pkgs.d.xiaomi.net:443/artifactory/api/npm/mi-npm/number-precision/download/number-precision-1.5.0.tgz",
      "integrity": "sha1-7KHjZXzH3jd4mH8tIqqd6kviONU="
    }
  }
}
